{
  "version": 4,
  "terraform_version": "0.12.24",
  "serial": 26,
  "lineage": "8bcb5c99-6af9-6de0-ce9c-8ffd78786d3b",
  "outputs": {},
  "resources": [
    {
      "mode": "managed",
      "type": "aws_cloudwatch_log_group",
      "name": "eks",
      "provider": "provider.aws",
      "instances": [
        {
          "schema_version": 0,
          "attributes": {
            "arn": "arn:aws:logs:eu-central-1:759307837889:log-group:/aws/eks/main/cluster:*",
            "id": "/aws/eks/main/cluster",
            "kms_key_id": "",
            "name": "/aws/eks/main/cluster",
            "name_prefix": null,
            "retention_in_days": 30,
            "tags": null
          },
          "private": "bnVsbA=="
        }
      ]
    },
    {
      "mode": "managed",
      "type": "aws_eks_cluster",
      "name": "main",
      "provider": "provider.aws",
      "instances": [
        {
          "schema_version": 0,
          "attributes": {
            "arn": "arn:aws:eks:eu-central-1:759307837889:cluster/main",
            "certificate_authority": [
              {
                "data": "LS0tLS1CRUdJTiBDRVJUSUZJQ0FURS0tLS0tCk1JSUN5RENDQWJDZ0F3SUJBZ0lCQURBTkJna3Foa2lHOXcwQkFRc0ZBREFWTVJNd0VRWURWUVFERXdwcmRXSmwKY201bGRHVnpNQjRYRFRJd01EUXhOekV6TWpFeU5Gb1hEVE13TURReE5URXpNakV5TkZvd0ZURVRNQkVHQTFVRQpBeE1LYTNWaVpYSnVaWFJsY3pDQ0FTSXdEUVlKS29aSWh2Y05BUUVCQlFBRGdnRVBBRENDQVFvQ2dnRUJBTnVKCjVHdjNjMjAxbkhXVEFHc3VqRjUxRTd1RnhHVXRpS21kOFYvZzYrTnEwb3A3SzRPYWN2VHhZWjM1ZkxaRmNhd04KdGdQLzF0T3dDQ1Q0MFhVSW5nZWJpQXJNam9YRFkrS1hXNVByREw1cS9uNXY4bHh5dGowMGcrdXE4anowTUphZQp4VjRYQUlBTEdlNlBibEsvUFQvN2JzSU45dEIrbzJ3Tm9ZemllTUJXWGd0ZnhqUWNHTmwzak85dHFGbUg0Y21CClQxdDJiZE9UaWNDaEtEWnlYK2dCMDV1T3FjZG1JcVpTaWJQdzJMVSt3U3dxS08zS0JiV1FBTEdFSVd0Q2U2SnIKRWtPVU9CU2FXSkY4a1lnSloyUEpZbHJpcW1DUkg0K092V3V2bVVLNSs1T0VNeE0xWkNuRFhIaVppOG1hc1lEQwp6aVBvTSswV1RJK1RIOHFGOXJFQ0F3RUFBYU1qTUNFd0RnWURWUjBQQVFIL0JBUURBZ0trTUE4R0ExVWRFd0VCCi93UUZNQU1CQWY4d0RRWUpLb1pJaHZjTkFRRUxCUUFEZ2dFQkFKYWpQTEQ2cXk0UmpuMEtjSnk5V3V5d3kzaUsKWjhZQTZtbnRyYkZ1aHZtZDB0dFF2RkRWN0JwNGg5MzBTaTg0ejFwQ3BVR29uYXdBMkFxNGtIaExMRXMrRXIwRwoxL1ZaUkdQVHVpOHg2YjVCaWNpWlcrVXlZMkt5YWNXZWNTUEJVU0N5QVU5SU03ZnB1L2owZHNaMkpQRUhGZENkCmk5VjB0OTczNzJEVTRMd1JwYmdLWHplSllJM0ljZFloRFFEQ3A0aEpsYUk5R1pObk5UakhqeUNubUNhc2RpRmwKVnUzNXBOckNzWHhpTzhucDBZK0VuRHVzSXhPNXg3MHArMVlMeWtKYk1rUFR2QjRLRkN5MVp5UStyVUVPYXZwNApzdHA3NlhYZkljNkQvUUlsTytvc2VBbVZ1K1l6SFl6aC9OQVVneFlybU5LWUhMbzNsbzVKcm5ZRXFuST0KLS0tLS1FTkQgQ0VSVElGSUNBVEUtLS0tLQo="
              }
            ],
            "created_at": "2020-04-17 13:13:45 +0000 UTC",
            "enabled_cluster_log_types": null,
            "encryption_config": [],
            "endpoint": "https://E3524023BB724E5EF57D67B2EF175918.gr7.eu-central-1.eks.amazonaws.com",
            "id": "main",
            "identity": [
              {
                "oidc": [
                  {
                    "issuer": "https://oidc.eks.eu-central-1.amazonaws.com/id/E3524023BB724E5EF57D67B2EF175918"
                  }
                ]
              }
            ],
            "name": "main",
            "platform_version": "eks.2",
            "role_arn": "arn:aws:iam::759307837889:role/eks_master",
            "status": "ACTIVE",
            "tags": null,
            "timeouts": null,
            "version": "1.15",
            "vpc_config": [
              {
                "cluster_security_group_id": "sg-0af42c752ed9ddbf6",
                "endpoint_private_access": true,
                "endpoint_public_access": true,
                "public_access_cidrs": [
                  "0.0.0.0/0"
                ],
                "security_group_ids": null,
                "subnet_ids": [
                  "subnet-08ee223421cd405b6",
                  "subnet-0c27f99bb2820d314",
                  "subnet-0dab5cc3adf0e68c6"
                ],
                "vpc_id": "vpc-05bf2a49e1efaeba6"
              }
            ]
          },
          "private": "eyJlMmJmYjczMC1lY2FhLTExZTYtOGY4OC0zNDM2M2JjN2M0YzAiOnsiY3JlYXRlIjoxODAwMDAwMDAwMDAwLCJkZWxldGUiOjkwMDAwMDAwMDAwMCwidXBkYXRlIjozNjAwMDAwMDAwMDAwfX0=",
          "dependencies": [
            "aws_cloudwatch_log_group.eks",
            "aws_iam_role.eks_master",
            "aws_iam_role_policy_attachment.eks_master_default_cluster",
            "aws_iam_role_policy_attachment.eks_master_default_service",
            "aws_subnet.private_0",
            "aws_subnet.private_1",
            "aws_subnet.private_2",
            "aws_vpc.main"
          ]
        }
      ]
    },
    {
      "mode": "managed",
      "type": "aws_eks_node_group",
      "name": "default",
      "provider": "provider.aws",
      "instances": [
        {
          "schema_version": 0,
          "attributes": {
            "ami_type": "AL2_x86_64",
            "arn": "arn:aws:eks:eu-central-1:759307837889:nodegroup/main/default/ccb8c428-6591-3dad-71b3-dae726995930",
            "cluster_name": "main",
            "disk_size": 20,
            "id": "main:default",
            "instance_types": [
              "t3.small"
            ],
            "labels": null,
            "node_group_name": "default",
            "node_role_arn": "arn:aws:iam::759307837889:role/eks_worker",
            "release_version": "1.15.10-20200228",
            "remote_access": [],
            "resources": [
              {
                "autoscaling_groups": [
                  {
                    "name": "eks-ccb8c428-6591-3dad-71b3-dae726995930"
                  }
                ],
                "remote_access_security_group_id": ""
              }
            ],
            "scaling_config": [
              {
                "desired_size": 1,
                "max_size": 1,
                "min_size": 1
              }
            ],
            "status": "ACTIVE",
            "subnet_ids": [
              "subnet-08ee223421cd405b6",
              "subnet-0c27f99bb2820d314",
              "subnet-0dab5cc3adf0e68c6"
            ],
            "tags": null,
            "timeouts": null,
            "version": "1.15"
          },
          "private": "eyJlMmJmYjczMC1lY2FhLTExZTYtOGY4OC0zNDM2M2JjN2M0YzAiOnsiY3JlYXRlIjozNjAwMDAwMDAwMDAwLCJkZWxldGUiOjM2MDAwMDAwMDAwMDAsInVwZGF0ZSI6MzYwMDAwMDAwMDAwMH19",
          "dependencies": [
            "aws_cloudwatch_log_group.eks",
            "aws_eks_cluster.main",
            "aws_iam_role.eks_master",
            "aws_iam_role.eks_worker",
            "aws_iam_role_policy_attachment.eks_master_default_cluster",
            "aws_iam_role_policy_attachment.eks_master_default_service",
            "aws_iam_role_policy_attachment.eks_worker_cni",
            "aws_iam_role_policy_attachment.eks_worker_ecr",
            "aws_iam_role_policy_attachment.eks_worker_node",
            "aws_subnet.private_0",
            "aws_subnet.private_1",
            "aws_subnet.private_2",
            "aws_vpc.main"
          ]
        }
      ]
    },
    {
      "mode": "managed",
      "type": "aws_iam_role",
      "name": "eks_master",
      "provider": "provider.aws",
      "instances": [
        {
          "schema_version": 0,
          "attributes": {
            "arn": "arn:aws:iam::759307837889:role/eks_master",
            "assume_role_policy": "{\"Version\":\"2012-10-17\",\"Statement\":[{\"Effect\":\"Allow\",\"Principal\":{\"Service\":\"eks.amazonaws.com\"},\"Action\":\"sts:AssumeRole\"}]}",
            "create_date": "2020-04-17T13:11:04Z",
            "description": "",
            "force_detach_policies": false,
            "id": "eks_master",
            "max_session_duration": 3600,
            "name": "eks_master",
            "name_prefix": null,
            "path": "/",
            "permissions_boundary": null,
            "tags": {},
            "unique_id": "AROA3BSSGEHA7XN2TBGSV"
          },
          "private": "bnVsbA=="
        }
      ]
    },
    {
      "mode": "managed",
      "type": "aws_iam_role",
      "name": "eks_worker",
      "provider": "provider.aws",
      "instances": [
        {
          "schema_version": 0,
          "attributes": {
            "arn": "arn:aws:iam::759307837889:role/eks_worker",
            "assume_role_policy": "{\"Version\":\"2012-10-17\",\"Statement\":[{\"Effect\":\"Allow\",\"Principal\":{\"Service\":\"ec2.amazonaws.com\"},\"Action\":\"sts:AssumeRole\"}]}",
            "create_date": "2020-04-17T13:11:04Z",
            "description": "",
            "force_detach_policies": false,
            "id": "eks_worker",
            "max_session_duration": 3600,
            "name": "eks_worker",
            "name_prefix": null,
            "path": "/",
            "permissions_boundary": null,
            "tags": {},
            "unique_id": "AROA3BSSGEHA2GFZJOZP5"
          },
          "private": "bnVsbA=="
        }
      ]
    },
    {
      "mode": "managed",
      "type": "aws_iam_role_policy_attachment",
      "name": "eks_master_default_cluster",
      "provider": "provider.aws",
      "instances": [
        {
          "schema_version": 0,
          "attributes": {
            "id": "eks_master-20200417131105725000000003",
            "policy_arn": "arn:aws:iam::aws:policy/AmazonEKSClusterPolicy",
            "role": "eks_master"
          },
          "private": "bnVsbA==",
          "dependencies": [
            "aws_iam_role.eks_master"
          ]
        }
      ]
    },
    {
      "mode": "managed",
      "type": "aws_iam_role_policy_attachment",
      "name": "eks_master_default_service",
      "provider": "provider.aws",
      "instances": [
        {
          "schema_version": 0,
          "attributes": {
            "id": "eks_master-20200417131105725700000004",
            "policy_arn": "arn:aws:iam::aws:policy/AmazonEKSServicePolicy",
            "role": "eks_master"
          },
          "private": "bnVsbA==",
          "dependencies": [
            "aws_iam_role.eks_master"
          ]
        }
      ]
    },
    {
      "mode": "managed",
      "type": "aws_iam_role_policy_attachment",
      "name": "eks_worker_cni",
      "provider": "provider.aws",
      "instances": [
        {
          "schema_version": 0,
          "attributes": {
            "id": "eks_worker-20200417131105747800000005",
            "policy_arn": "arn:aws:iam::aws:policy/AmazonEKS_CNI_Policy",
            "role": "eks_worker"
          },
          "private": "bnVsbA==",
          "dependencies": [
            "aws_iam_role.eks_worker"
          ]
        }
      ]
    },
    {
      "mode": "managed",
      "type": "aws_iam_role_policy_attachment",
      "name": "eks_worker_ecr",
      "provider": "provider.aws",
      "instances": [
        {
          "schema_version": 0,
          "attributes": {
            "id": "eks_worker-20200417131105700100000002",
            "policy_arn": "arn:aws:iam::aws:policy/AmazonEC2ContainerRegistryReadOnly",
            "role": "eks_worker"
          },
          "private": "bnVsbA==",
          "dependencies": [
            "aws_iam_role.eks_worker"
          ]
        }
      ]
    },
    {
      "mode": "managed",
      "type": "aws_iam_role_policy_attachment",
      "name": "eks_worker_node",
      "provider": "provider.aws",
      "instances": [
        {
          "schema_version": 0,
          "attributes": {
            "id": "eks_worker-20200417131105680000000001",
            "policy_arn": "arn:aws:iam::aws:policy/AmazonEKSWorkerNodePolicy",
            "role": "eks_worker"
          },
          "private": "bnVsbA==",
          "dependencies": [
            "aws_iam_role.eks_worker"
          ]
        }
      ]
    },
    {
      "mode": "managed",
      "type": "aws_route_table",
      "name": "private",
      "provider": "provider.aws",
      "instances": [
        {
          "schema_version": 0,
          "attributes": {
            "id": "rtb-049c9c93d9fd5e12e",
            "owner_id": "759307837889",
            "propagating_vgws": [],
            "route": [],
            "tags": {},
            "vpc_id": "vpc-05bf2a49e1efaeba6"
          },
          "private": "bnVsbA==",
          "dependencies": [
            "aws_vpc.main"
          ]
        }
      ]
    },
    {
      "mode": "managed",
      "type": "aws_route_table_association",
      "name": "private_0",
      "provider": "provider.aws",
      "instances": [
        {
          "schema_version": 0,
          "attributes": {
            "gateway_id": null,
            "id": "rtbassoc-0dd4f780e25ca911d",
            "route_table_id": "rtb-049c9c93d9fd5e12e",
            "subnet_id": "subnet-08ee223421cd405b6"
          },
          "private": "bnVsbA==",
          "dependencies": [
            "aws_route_table.private",
            "aws_subnet.private_0",
            "aws_vpc.main"
          ]
        }
      ]
    },
    {
      "mode": "managed",
      "type": "aws_route_table_association",
      "name": "private_1",
      "provider": "provider.aws",
      "instances": [
        {
          "schema_version": 0,
          "attributes": {
            "gateway_id": null,
            "id": "rtbassoc-0ac0d54f5d874e5d5",
            "route_table_id": "rtb-049c9c93d9fd5e12e",
            "subnet_id": "subnet-0dab5cc3adf0e68c6"
          },
          "private": "bnVsbA==",
          "dependencies": [
            "aws_route_table.private",
            "aws_subnet.private_1",
            "aws_vpc.main"
          ]
        }
      ]
    },
    {
      "mode": "managed",
      "type": "aws_route_table_association",
      "name": "private_2",
      "provider": "provider.aws",
      "instances": [
        {
          "schema_version": 0,
          "attributes": {
            "gateway_id": null,
            "id": "rtbassoc-03b920f3e5f1420a8",
            "route_table_id": "rtb-049c9c93d9fd5e12e",
            "subnet_id": "subnet-0c27f99bb2820d314"
          },
          "private": "bnVsbA==",
          "dependencies": [
            "aws_route_table.private",
            "aws_subnet.private_2",
            "aws_vpc.main"
          ]
        }
      ]
    },
    {
      "mode": "managed",
      "type": "aws_security_group",
      "name": "base-endpoints",
      "provider": "provider.aws",
      "instances": [
        {
          "schema_version": 1,
          "attributes": {
            "arn": "arn:aws:ec2:eu-central-1:759307837889:security-group/sg-09969332dbd2e8212",
            "description": "Managed by Terraform",
            "egress": [],
            "id": "sg-09969332dbd2e8212",
            "ingress": [
              {
                "cidr_blocks": [
                  "10.20.1.0/24",
                  "10.20.2.0/24",
                  "10.20.3.0/24"
                ],
                "description": "",
                "from_port": 443,
                "ipv6_cidr_blocks": [],
                "prefix_list_ids": [],
                "protocol": "tcp",
                "security_groups": [],
                "self": false,
                "to_port": 443
              }
            ],
            "name": "vpc-endpoint-ec2",
            "name_prefix": null,
            "owner_id": "759307837889",
            "revoke_rules_on_delete": false,
            "tags": {},
            "timeouts": null,
            "vpc_id": "vpc-05bf2a49e1efaeba6"
          },
          "private": "eyJlMmJmYjczMC1lY2FhLTExZTYtOGY4OC0zNDM2M2JjN2M0YzAiOnsiY3JlYXRlIjo2MDAwMDAwMDAwMDAsImRlbGV0ZSI6NjAwMDAwMDAwMDAwfSwic2NoZW1hX3ZlcnNpb24iOiIxIn0=",
          "dependencies": [
            "aws_vpc.main"
          ]
        }
      ]
    },
    {
      "mode": "managed",
      "type": "aws_security_group_rule",
      "name": "base-endpoints-443",
      "provider": "provider.aws",
      "instances": [
        {
          "schema_version": 2,
          "attributes": {
            "cidr_blocks": [
              "10.20.1.0/24",
              "10.20.2.0/24",
              "10.20.3.0/24"
            ],
            "description": "",
            "from_port": 443,
            "id": "sgrule-3350099988",
            "ipv6_cidr_blocks": [],
            "prefix_list_ids": [],
            "protocol": "tcp",
            "security_group_id": "sg-09969332dbd2e8212",
            "self": false,
            "source_security_group_id": null,
            "to_port": 443,
            "type": "ingress"
          },
          "private": "eyJzY2hlbWFfdmVyc2lvbiI6IjIifQ==",
          "dependencies": [
            "aws_security_group.base-endpoints",
            "aws_vpc.main"
          ]
        }
      ]
    },
    {
      "mode": "managed",
      "type": "aws_subnet",
      "name": "private_0",
      "provider": "provider.aws",
      "instances": [
        {
          "schema_version": 1,
          "attributes": {
            "arn": "arn:aws:ec2:eu-central-1:759307837889:subnet/subnet-08ee223421cd405b6",
            "assign_ipv6_address_on_creation": false,
            "availability_zone": "eu-central-1a",
            "availability_zone_id": "euc1-az2",
            "cidr_block": "10.20.1.0/24",
            "id": "subnet-08ee223421cd405b6",
            "ipv6_cidr_block": "",
            "ipv6_cidr_block_association_id": "",
            "map_public_ip_on_launch": false,
            "owner_id": "759307837889",
            "tags": {
              "kubernetes.io/cluster/main": "shared"
            },
            "timeouts": null,
            "vpc_id": "vpc-05bf2a49e1efaeba6"
          },
          "private": "eyJlMmJmYjczMC1lY2FhLTExZTYtOGY4OC0zNDM2M2JjN2M0YzAiOnsiY3JlYXRlIjo2MDAwMDAwMDAwMDAsImRlbGV0ZSI6MTIwMDAwMDAwMDAwMH0sInNjaGVtYV92ZXJzaW9uIjoiMSJ9",
          "dependencies": [
            "aws_vpc.main"
          ]
        }
      ]
    },
    {
      "mode": "managed",
      "type": "aws_subnet",
      "name": "private_1",
      "provider": "provider.aws",
      "instances": [
        {
          "schema_version": 1,
          "attributes": {
            "arn": "arn:aws:ec2:eu-central-1:759307837889:subnet/subnet-0dab5cc3adf0e68c6",
            "assign_ipv6_address_on_creation": false,
            "availability_zone": "eu-central-1b",
            "availability_zone_id": "euc1-az3",
            "cidr_block": "10.20.2.0/24",
            "id": "subnet-0dab5cc3adf0e68c6",
            "ipv6_cidr_block": "",
            "ipv6_cidr_block_association_id": "",
            "map_public_ip_on_launch": false,
            "owner_id": "759307837889",
            "tags": {
              "kubernetes.io/cluster/main": "shared"
            },
            "timeouts": null,
            "vpc_id": "vpc-05bf2a49e1efaeba6"
          },
          "private": "eyJlMmJmYjczMC1lY2FhLTExZTYtOGY4OC0zNDM2M2JjN2M0YzAiOnsiY3JlYXRlIjo2MDAwMDAwMDAwMDAsImRlbGV0ZSI6MTIwMDAwMDAwMDAwMH0sInNjaGVtYV92ZXJzaW9uIjoiMSJ9",
          "dependencies": [
            "aws_vpc.main"
          ]
        }
      ]
    },
    {
      "mode": "managed",
      "type": "aws_subnet",
      "name": "private_2",
      "provider": "provider.aws",
      "instances": [
        {
          "schema_version": 1,
          "attributes": {
            "arn": "arn:aws:ec2:eu-central-1:759307837889:subnet/subnet-0c27f99bb2820d314",
            "assign_ipv6_address_on_creation": false,
            "availability_zone": "eu-central-1c",
            "availability_zone_id": "euc1-az1",
            "cidr_block": "10.20.3.0/24",
            "id": "subnet-0c27f99bb2820d314",
            "ipv6_cidr_block": "",
            "ipv6_cidr_block_association_id": "",
            "map_public_ip_on_launch": false,
            "owner_id": "759307837889",
            "tags": {
              "kubernetes.io/cluster/main": "shared"
            },
            "timeouts": null,
            "vpc_id": "vpc-05bf2a49e1efaeba6"
          },
          "private": "eyJlMmJmYjczMC1lY2FhLTExZTYtOGY4OC0zNDM2M2JjN2M0YzAiOnsiY3JlYXRlIjo2MDAwMDAwMDAwMDAsImRlbGV0ZSI6MTIwMDAwMDAwMDAwMH0sInNjaGVtYV92ZXJzaW9uIjoiMSJ9",
          "dependencies": [
            "aws_vpc.main"
          ]
        }
      ]
    },
    {
      "mode": "managed",
      "type": "aws_vpc",
      "name": "main",
      "provider": "provider.aws",
      "instances": [
        {
          "schema_version": 1,
          "attributes": {
            "arn": "arn:aws:ec2:eu-central-1:759307837889:vpc/vpc-05bf2a49e1efaeba6",
            "assign_generated_ipv6_cidr_block": false,
            "cidr_block": "10.20.0.0/16",
            "default_network_acl_id": "acl-0a8461a6c6be7e344",
            "default_route_table_id": "rtb-0198b54b9d419165d",
            "default_security_group_id": "sg-0b0ab5ce3b0bbf664",
            "dhcp_options_id": "dopt-104ea37a",
            "enable_classiclink": null,
            "enable_classiclink_dns_support": null,
            "enable_dns_hostnames": true,
            "enable_dns_support": true,
            "id": "vpc-05bf2a49e1efaeba6",
            "instance_tenancy": "default",
            "ipv6_association_id": "",
            "ipv6_cidr_block": "",
            "main_route_table_id": "rtb-0198b54b9d419165d",
            "owner_id": "759307837889",
            "tags": {
              "kubernetes.io/cluster/main": "shared"
            }
          },
          "private": "eyJzY2hlbWFfdmVyc2lvbiI6IjEifQ=="
        }
      ]
    },
    {
      "mode": "managed",
      "type": "aws_vpc_endpoint",
      "name": "ec2",
      "provider": "provider.aws",
      "instances": [
        {
          "schema_version": 0,
          "attributes": {
            "auto_accept": null,
            "cidr_blocks": [],
            "dns_entry": [
              {
                "dns_name": "vpce-012a2221a6b2b5c92-jb4gwwqh.ec2.eu-central-1.vpce.amazonaws.com",
                "hosted_zone_id": "Z273ZU8SZ5RJPC"
              },
              {
                "dns_name": "vpce-012a2221a6b2b5c92-jb4gwwqh-eu-central-1b.ec2.eu-central-1.vpce.amazonaws.com",
                "hosted_zone_id": "Z273ZU8SZ5RJPC"
              },
              {
                "dns_name": "vpce-012a2221a6b2b5c92-jb4gwwqh-eu-central-1c.ec2.eu-central-1.vpce.amazonaws.com",
                "hosted_zone_id": "Z273ZU8SZ5RJPC"
              },
              {
                "dns_name": "vpce-012a2221a6b2b5c92-jb4gwwqh-eu-central-1a.ec2.eu-central-1.vpce.amazonaws.com",
                "hosted_zone_id": "Z273ZU8SZ5RJPC"
              },
              {
                "dns_name": "ec2.eu-central-1.amazonaws.com",
                "hosted_zone_id": "Z0570201388ZR5HMRDLZK"
              }
            ],
            "id": "vpce-012a2221a6b2b5c92",
            "network_interface_ids": [
              "eni-06cc2f5943c5c2891",
              "eni-07f485970390efc6a",
              "eni-0866592d76dd5604e"
            ],
            "owner_id": "759307837889",
            "policy": "{\"Statement\":[{\"Action\":\"*\",\"Effect\":\"Allow\",\"Principal\":\"*\",\"Resource\":\"*\"}]}",
            "prefix_list_id": null,
            "private_dns_enabled": true,
            "requester_managed": false,
            "route_table_ids": [],
            "security_group_ids": [
              "sg-09969332dbd2e8212"
            ],
            "service_name": "com.amazonaws.eu-central-1.ec2",
            "state": "available",
            "subnet_ids": [
              "subnet-08ee223421cd405b6",
              "subnet-0c27f99bb2820d314",
              "subnet-0dab5cc3adf0e68c6"
            ],
            "tags": null,
            "timeouts": null,
            "vpc_endpoint_type": "Interface",
            "vpc_id": "vpc-05bf2a49e1efaeba6"
          },
          "private": "eyJlMmJmYjczMC1lY2FhLTExZTYtOGY4OC0zNDM2M2JjN2M0YzAiOnsiY3JlYXRlIjo2MDAwMDAwMDAwMDAsImRlbGV0ZSI6NjAwMDAwMDAwMDAwLCJ1cGRhdGUiOjYwMDAwMDAwMDAwMH19",
          "dependencies": [
            "aws_security_group.base-endpoints",
            "aws_subnet.private_0",
            "aws_subnet.private_1",
            "aws_subnet.private_2",
            "aws_vpc.main"
          ]
        }
      ]
    },
    {
      "mode": "managed",
      "type": "aws_vpc_endpoint",
      "name": "ecr-api",
      "provider": "provider.aws",
      "instances": [
        {
          "schema_version": 0,
          "attributes": {
            "auto_accept": null,
            "cidr_blocks": [],
            "dns_entry": [
              {
                "dns_name": "vpce-072e4dc15049cf657-mtql674l.api.ecr.eu-central-1.vpce.amazonaws.com",
                "hosted_zone_id": "Z273ZU8SZ5RJPC"
              },
              {
                "dns_name": "vpce-072e4dc15049cf657-mtql674l-eu-central-1b.api.ecr.eu-central-1.vpce.amazonaws.com",
                "hosted_zone_id": "Z273ZU8SZ5RJPC"
              },
              {
                "dns_name": "vpce-072e4dc15049cf657-mtql674l-eu-central-1c.api.ecr.eu-central-1.vpce.amazonaws.com",
                "hosted_zone_id": "Z273ZU8SZ5RJPC"
              },
              {
                "dns_name": "vpce-072e4dc15049cf657-mtql674l-eu-central-1a.api.ecr.eu-central-1.vpce.amazonaws.com",
                "hosted_zone_id": "Z273ZU8SZ5RJPC"
              },
              {
                "dns_name": "api.ecr.eu-central-1.amazonaws.com",
                "hosted_zone_id": "Z05702003AGTZ57C8HC52"
              }
            ],
            "id": "vpce-072e4dc15049cf657",
            "network_interface_ids": [
              "eni-066b6a3f07cb4d009",
              "eni-077929ca5eb7c2a55",
              "eni-0bfd014324911bf4e"
            ],
            "owner_id": "759307837889",
            "policy": "{\"Statement\":[{\"Action\":\"*\",\"Effect\":\"Allow\",\"Principal\":\"*\",\"Resource\":\"*\"}]}",
            "prefix_list_id": null,
            "private_dns_enabled": true,
            "requester_managed": false,
            "route_table_ids": [],
            "security_group_ids": [
              "sg-09969332dbd2e8212"
            ],
            "service_name": "com.amazonaws.eu-central-1.ecr.api",
            "state": "available",
            "subnet_ids": [
              "subnet-08ee223421cd405b6",
              "subnet-0c27f99bb2820d314",
              "subnet-0dab5cc3adf0e68c6"
            ],
            "tags": null,
            "timeouts": null,
            "vpc_endpoint_type": "Interface",
            "vpc_id": "vpc-05bf2a49e1efaeba6"
          },
          "private": "eyJlMmJmYjczMC1lY2FhLTExZTYtOGY4OC0zNDM2M2JjN2M0YzAiOnsiY3JlYXRlIjo2MDAwMDAwMDAwMDAsImRlbGV0ZSI6NjAwMDAwMDAwMDAwLCJ1cGRhdGUiOjYwMDAwMDAwMDAwMH19",
          "dependencies": [
            "aws_security_group.base-endpoints",
            "aws_subnet.private_0",
            "aws_subnet.private_1",
            "aws_subnet.private_2",
            "aws_vpc.main"
          ]
        }
      ]
    },
    {
      "mode": "managed",
      "type": "aws_vpc_endpoint",
      "name": "ecr-dkr",
      "provider": "provider.aws",
      "instances": [
        {
          "schema_version": 0,
          "attributes": {
            "auto_accept": null,
            "cidr_blocks": [],
            "dns_entry": [
              {
                "dns_name": "vpce-0aaf62e0d70feea8f-8qzpf7hw.dkr.ecr.eu-central-1.vpce.amazonaws.com",
                "hosted_zone_id": "Z273ZU8SZ5RJPC"
              },
              {
                "dns_name": "vpce-0aaf62e0d70feea8f-8qzpf7hw-eu-central-1b.dkr.ecr.eu-central-1.vpce.amazonaws.com",
                "hosted_zone_id": "Z273ZU8SZ5RJPC"
              },
              {
                "dns_name": "vpce-0aaf62e0d70feea8f-8qzpf7hw-eu-central-1c.dkr.ecr.eu-central-1.vpce.amazonaws.com",
                "hosted_zone_id": "Z273ZU8SZ5RJPC"
              },
              {
                "dns_name": "vpce-0aaf62e0d70feea8f-8qzpf7hw-eu-central-1a.dkr.ecr.eu-central-1.vpce.amazonaws.com",
                "hosted_zone_id": "Z273ZU8SZ5RJPC"
              },
              {
                "dns_name": "dkr.ecr.eu-central-1.amazonaws.com",
                "hosted_zone_id": "Z054280612I26M7KVCQA2"
              },
              {
                "dns_name": "*.dkr.ecr.eu-central-1.amazonaws.com",
                "hosted_zone_id": "Z054280612I26M7KVCQA2"
              }
            ],
            "id": "vpce-0aaf62e0d70feea8f",
            "network_interface_ids": [
              "eni-0734e5e1ccab2e0df",
              "eni-0b7730997ea2bd3dc",
              "eni-0d38da9cd92f3443a"
            ],
            "owner_id": "759307837889",
            "policy": "{\"Statement\":[{\"Action\":\"*\",\"Effect\":\"Allow\",\"Principal\":\"*\",\"Resource\":\"*\"}]}",
            "prefix_list_id": null,
            "private_dns_enabled": true,
            "requester_managed": false,
            "route_table_ids": [],
            "security_group_ids": [
              "sg-09969332dbd2e8212"
            ],
            "service_name": "com.amazonaws.eu-central-1.ecr.dkr",
            "state": "available",
            "subnet_ids": [
              "subnet-08ee223421cd405b6",
              "subnet-0c27f99bb2820d314",
              "subnet-0dab5cc3adf0e68c6"
            ],
            "tags": null,
            "timeouts": null,
            "vpc_endpoint_type": "Interface",
            "vpc_id": "vpc-05bf2a49e1efaeba6"
          },
          "private": "eyJlMmJmYjczMC1lY2FhLTExZTYtOGY4OC0zNDM2M2JjN2M0YzAiOnsiY3JlYXRlIjo2MDAwMDAwMDAwMDAsImRlbGV0ZSI6NjAwMDAwMDAwMDAwLCJ1cGRhdGUiOjYwMDAwMDAwMDAwMH19",
          "dependencies": [
            "aws_security_group.base-endpoints",
            "aws_subnet.private_0",
            "aws_subnet.private_1",
            "aws_subnet.private_2",
            "aws_vpc.main"
          ]
        }
      ]
    },
    {
      "mode": "managed",
      "type": "aws_vpc_endpoint",
      "name": "s3",
      "provider": "provider.aws",
      "instances": [
        {
          "schema_version": 0,
          "attributes": {
            "auto_accept": null,
            "cidr_blocks": [
              "52.219.44.0/22",
              "54.231.192.0/20",
              "52.219.72.0/22"
            ],
            "dns_entry": [],
            "id": "vpce-0d7bb6f0bc1af48d6",
            "network_interface_ids": [],
            "owner_id": "759307837889",
            "policy": "{\"Statement\":[{\"Action\":\"*\",\"Effect\":\"Allow\",\"Principal\":\"*\",\"Resource\":\"*\"}],\"Version\":\"2008-10-17\"}",
            "prefix_list_id": "pl-6ea54007",
            "private_dns_enabled": false,
            "requester_managed": false,
            "route_table_ids": [
              "rtb-049c9c93d9fd5e12e"
            ],
            "security_group_ids": [],
            "service_name": "com.amazonaws.eu-central-1.s3",
            "state": "available",
            "subnet_ids": [],
            "tags": {},
            "timeouts": null,
            "vpc_endpoint_type": "Gateway",
            "vpc_id": "vpc-05bf2a49e1efaeba6"
          },
          "private": "eyJlMmJmYjczMC1lY2FhLTExZTYtOGY4OC0zNDM2M2JjN2M0YzAiOnsiY3JlYXRlIjo2MDAwMDAwMDAwMDAsImRlbGV0ZSI6NjAwMDAwMDAwMDAwLCJ1cGRhdGUiOjYwMDAwMDAwMDAwMH19",
          "dependencies": [
            "aws_route_table.private",
            "aws_vpc.main"
          ]
        }
      ]
    }
  ]
}
